
Microsoft Visual Studio Solution File, Format Version 12.00
# Visual Studio Version 17
VisualStudioVersion = 17.9.34714.143
MinimumVisualStudioVersion = 10.0.40219.1
Project("{9A19103F-16F7-4668-BE54-9A1E7A4F7556}") = "first", "first\first.csproj", "{46E19567-2B46-4B76-A050-52A0EB2691DD}"
EndProject
Project("{9A19103F-16F7-4668-BE54-9A1E7A4F7556}") = "multijoueur", "multijoueur\multijoueur.csproj", "{7C0B9E40-33B9-4472-BC5A-FFDE5FDCC1E6}"
EndProject
Project("{9A19103F-16F7-4668-BE54-9A1E7A4F7556}") = "multijoueurV2", "multijoueurV2\multijoueurV2.csproj", "{65A8BD73-017A-4745-9ECB-87E8B61FAE06}"
EndProject
Project("{9A19103F-16F7-4668-BE54-9A1E7A4F7556}") = "POO", "POO\POO.csproj", "{CA5BBAF9-B749-4315-B078-AD54B89D8814}"
EndProject
Project("{9A19103F-16F7-4668-BE54-9A1E7A4F7556}") = "POO_AbsatractClass_Interface", "POO_AbsatractClass\POO_AbsatractClass_Interface.csproj", "{8C41A811-E3ED-40F5-B16D-247ACB4BACD6}"
EndProject
Project("{FAE04EC0-301F-11D3-BF4B-00C04F79EFBC}") = "ui", "ui\ui.csproj", "{B6B1C9D0-770F-40F6-9B59-A0A78BAD23F6}"
EndProject
Global
	GlobalSection(SolutionConfigurationPlatforms) = preSolution
		Debug|Any CPU = Debug|Any CPU
		Release|Any CPU = Release|Any CPU
	EndGlobalSection
	GlobalSection(ProjectConfigurationPlatforms) = postSolution
		{46E19567-2B46-4B76-A050-52A0EB2691DD}.Debug|Any CPU.ActiveCfg = Debug|Any CPU
		{46E19567-2B46-4B76-A050-52A0EB2691DD}.Debug|Any CPU.Build.0 = Debug|Any CPU
		{46E19567-2B46-4B76-A050-52A0EB2691DD}.Release|Any CPU.ActiveCfg = Release|Any CPU
		{46E19567-2B46-4B76-A050-52A0EB2691DD}.Release|Any CPU.Build.0 = Release|Any CPU
		{7C0B9E40-33B9-4472-BC5A-FFDE5FDCC1E6}.Debug|Any CPU.ActiveCfg = Debug|Any CPU
		{7C0B9E40-33B9-4472-BC5A-FFDE5FDCC1E6}.Debug|Any CPU.Build.0 = Debug|Any CPU
		{7C0B9E40-33B9-4472-BC5A-FFDE5FDCC1E6}.Release|Any CPU.ActiveCfg = Release|Any CPU
		{7C0B9E40-33B9-4472-BC5A-FFDE5FDCC1E6}.Release|Any CPU.Build.0 = Release|Any CPU
		{65A8BD73-017A-4745-9ECB-87E8B61FAE06}.Debug|Any CPU.ActiveCfg = Debug|Any CPU
		{65A8BD73-017A-4745-9ECB-87E8B61FAE06}.Debug|Any CPU.Build.0 = Debug|Any CPU
		{65A8BD73-017A-4745-9ECB-87E8B61FAE06}.Release|Any CPU.ActiveCfg = Release|Any CPU
		{65A8BD73-017A-4745-9ECB-87E8B61FAE06}.Release|Any CPU.Build.0 = Release|Any CPU
		{CA5BBAF9-B749-4315-B078-AD54B89D8814}.Debug|Any CPU.ActiveCfg = Debug|Any CPU
		{CA5BBAF9-B749-4315-B078-AD54B89D8814}.Debug|Any CPU.Build.0 = Debug|Any CPU
		{CA5BBAF9-B749-4315-B078-AD54B89D8814}.Release|Any CPU.ActiveCfg = Release|Any CPU
		{CA5BBAF9-B749-4315-B078-AD54B89D8814}.Release|Any CPU.Build.0 = Release|Any CPU
		{8C41A811-E3ED-40F5-B16D-247ACB4BACD6}.Debug|Any CPU.ActiveCfg = Debug|Any CPU
		{8C41A811-E3ED-40F5-B16D-247ACB4BACD6}.Debug|Any CPU.Build.0 = Debug|Any CPU
		{8C41A811-E3ED-40F5-B16D-247ACB4BACD6}.Release|Any CPU.ActiveCfg = Release|Any CPU
		{8C41A811-E3ED-40F5-B16D-247ACB4BACD6}.Release|Any CPU.Build.0 = Release|Any CPU
		{B6B1C9D0-770F-40F6-9B59-A0A78BAD23F6}.Debug|Any CPU.ActiveCfg = Debug|Any CPU
		{B6B1C9D0-770F-40F6-9B59-A0A78BAD23F6}.Debug|Any CPU.Build.0 = Debug|Any CPU
		{B6B1C9D0-770F-40F6-9B59-A0A78BAD23F6}.Release|Any CPU.ActiveCfg = Release|Any CPU
		{B6B1C9D0-770F-40F6-9B59-A0A78BAD23F6}.Release|Any CPU.Build.0 = Release|Any CPU
	EndGlobalSection
	GlobalSection(SolutionProperties) = preSolution
		HideSolutionNode = FALSE
	EndGlobalSection
	GlobalSection(ExtensibilityGlobals) = postSolution
		SolutionGuid = {ED60ED11-003F-4840-BE8B-09AF58FDFB43}
	EndGlobalSection
EndGlobal
